// !$*UTF8*$!
{
	archiveVersion = 1;
	classes = {
	};
	objectVersion = 46;
	objects = {

/* Begin PBXBuildFile section */
		FDD883DE1F543B8C00B84C88 /* AppDelegate.swift in Sources */ = {isa = PBXBuildFile; fileRef = FDD883DD1F543B8C00B84C88 /* AppDelegate.swift */; };
		FDD883E01F543B8C00B84C88 /* BikeViewController.swift in Sources */ = {isa = PBXBuildFile; fileRef = FDD883DF1F543B8C00B84C88 /* BikeViewController.swift */; };
		FDD883E31F543B8C00B84C88 /* Main.storyboard in Resources */ = {isa = PBXBuildFile; fileRef = FDD883E11F543B8C00B84C88 /* Main.storyboard */; };
		FDD883E51F543B8C00B84C88 /* Assets.xcassets in Resources */ = {isa = PBXBuildFile; fileRef = FDD883E41F543B8C00B84C88 /* Assets.xcassets */; };
		FDD883E81F543B8C00B84C88 /* LaunchScreen.storyboard in Resources */ = {isa = PBXBuildFile; fileRef = FDD883E61F543B8C00B84C88 /* LaunchScreen.storyboard */; };
		FDD883F31F543B8C00B84C88 /* AboutMyBikeTests.swift in Sources */ = {isa = PBXBuildFile; fileRef = FDD883F21F543B8C00B84C88 /* AboutMyBikeTests.swift */; };
		FDD883FE1F5484D400B84C88 /* Bike.swift in Sources */ = {isa = PBXBuildFile; fileRef = FDD883FD1F5484D400B84C88 /* Bike.swift */; };
		FDD884001F54887000B84C88 /* HomeViewController.swift in Sources */ = {isa = PBXBuildFile; fileRef = FDD883FF1F54887000B84C88 /* HomeViewController.swift */; };
/* End PBXBuildFile section */

/* Begin PBXContainerItemProxy section */
		FDD883EF1F543B8C00B84C88 /* PBXContainerItemProxy */ = {
			isa = PBXContainerItemProxy;
			containerPortal = FDD883D21F543B8C00B84C88 /* Project object */;
			proxyType = 1;
			remoteGlobalIDString = FDD883D91F543B8C00B84C88;
			remoteInfo = AboutMyBike;
		};
/* End PBXContainerItemProxy section */

/* Begin PBXFileReference section */
		FDD883DA1F543B8C00B84C88 /* AboutMyBike.app */ = {isa = PBXFileReference; explicitFileType = wrapper.application; includeInIndex = 0; path = AboutMyBike.app; sourceTree = BUILT_PRODUCTS_DIR; };
		FDD883DD1F543B8C00B84C88 /* AppDelegate.swift */ = {isa = PBXFileReference; lastKnownFileType = sourcecode.swift; path = AppDelegate.swift; sourceTree = "<group>"; };
		FDD883DF1F543B8C00B84C88 /* BikeViewController.swift */ = {isa = PBXFileReference; lastKnownFileType = sourcecode.swift; path = BikeViewController.swift; sourceTree = "<group>"; };
		FDD883E21F543B8C00B84C88 /* Base */ = {isa = PBXFileReference; lastKnownFileType = file.storyboard; name = Base; path = Base.lproj/Main.storyboard; sourceTree = "<group>"; };
		FDD883E41F543B8C00B84C88 /* Assets.xcassets */ = {isa = PBXFileReference; lastKnownFileType = folder.assetcatalog; path = Assets.xcassets; sourceTree = "<group>"; };
		FDD883E71F543B8C00B84C88 /* Base */ = {isa = PBXFileReference; lastKnownFileType = file.storyboard; name = Base; path = Base.lproj/LaunchScreen.storyboard; sourceTree = "<group>"; };
		FDD883E91F543B8C00B84C88 /* Info.plist */ = {isa = PBXFileReference; lastKnownFileType = text.plist.xml; path = Info.plist; sourceTree = "<group>"; };
		FDD883EE1F543B8C00B84C88 /* AboutMyBikeTests.xctest */ = {isa = PBXFileReference; explicitFileType = wrapper.cfbundle; includeInIndex = 0; path = AboutMyBikeTests.xctest; sourceTree = BUILT_PRODUCTS_DIR; };
		FDD883F21F543B8C00B84C88 /* AboutMyBikeTests.swift */ = {isa = PBXFileReference; lastKnownFileType = sourcecode.swift; path = AboutMyBikeTests.swift; sourceTree = "<group>"; };
		FDD883F41F543B8C00B84C88 /* Info.plist */ = {isa = PBXFileReference; lastKnownFileType = text.plist.xml; path = Info.plist; sourceTree = "<group>"; };
		FDD883FD1F5484D400B84C88 /* Bike.swift */ = {isa = PBXFileReference; fileEncoding = 4; lastKnownFileType = sourcecode.swift; path = Bike.swift; sourceTree = "<group>"; };
		FDD883FF1F54887000B84C88 /* HomeViewController.swift */ = {isa = PBXFileReference; fileEncoding = 4; lastKnownFileType = sourcecode.swift; path = HomeViewController.swift; sourceTree = "<group>"; };
/* End PBXFileReference section */

/* Begin PBXFrameworksBuildPhase section */
		FDD883D71F543B8C00B84C88 /* Frameworks */ = {
			isa = PBXFrameworksBuildPhase;
			buildActionMask = 2147483647;
			files = (
			);
			runOnlyForDeploymentPostprocessing = 0;
		};
		FDD883EB1F543B8C00B84C88 /* Frameworks */ = {
			isa = PBXFrameworksBuildPhase;
			buildActionMask = 2147483647;
			files = (
			);
			runOnlyForDeploymentPostprocessing = 0;
		};
/* End PBXFrameworksBuildPhase section */

/* Begin PBXGroup section */
		FDD883D11F543B8C00B84C88 = {
			isa = PBXGroup;
			children = (
				FDD883DC1F543B8C00B84C88 /* AboutMyBike */,
				FDD883F11F543B8C00B84C88 /* AboutMyBikeTests */,
				FDD883DB1F543B8C00B84C88 /* Products */,
			);
			sourceTree = "<group>";
		};
		FDD883DB1F543B8C00B84C88 /* Products */ = {
			isa = PBXGroup;
			children = (
				FDD883DA1F543B8C00B84C88 /* AboutMyBike.app */,
				FDD883EE1F543B8C00B84C88 /* AboutMyBikeTests.xctest */,
			);
			name = Products;
			sourceTree = "<group>";
		};
		FDD883DC1F543B8C00B84C88 /* AboutMyBike */ = {
			isa = PBXGroup;
			children = (
				FDD883DD1F543B8C00B84C88 /* AppDelegate.swift */,
				FDD883DF1F543B8C00B84C88 /* BikeViewController.swift */,
				FDD883FF1F54887000B84C88 /* HomeViewController.swift */,
				FDD883E11F543B8C00B84C88 /* Main.storyboard */,
				FDD883FD1F5484D400B84C88 /* Bike.swift */,
				FDD883E41F543B8C00B84C88 /* Assets.xcassets */,
				FDD883E61F543B8C00B84C88 /* LaunchScreen.storyboard */,
				FDD883E91F543B8C00B84C88 /* Info.plist */,
			);
			path = AboutMyBike;
			sourceTree = "<group>";
		};
		FDD883F11F543B8C00B84C88 /* AboutMyBikeTests */ = {
			isa = PBXGroup;
			children = (
				FDD883F21F543B8C00B84C88 /* AboutMyBikeTests.swift */,
				FDD883F41F543B8C00B84C88 /* Info.plist */,
			);
			path = AboutMyBikeTests;
			sourceTree = "<group>";
		};
/* End PBXGroup section */

/* Begin PBXNativeTarget section */
		FDD883D91F543B8C00B84C88 /* AboutMyBike */ = {
			isa = PBXNativeTarget;
			buildConfigurationList = FDD883F71F543B8C00B84C88 /* Build configuration list for PBXNativeTarget "AboutMyBike" */;
			buildPhases = (
				FDD883D61F543B8C00B84C88 /* Sources */,
				FDD883D71F543B8C00B84C88 /* Frameworks */,
				FDD883D81F543B8C00B84C88 /* Resources */,
			);
			buildRules = (
			);
			dependencies = (
			);
			name = AboutMyBike;
			productName = AboutMyBike;
			productReference = FDD883DA1F543B8C00B84C88 /* AboutMyBike.app */;
			productType = "com.apple.product-type.application";
		};
		FDD883ED1F543B8C00B84C88 /* AboutMyBikeTests */ = {
			isa = PBXNativeTarget;
			buildConfigurationList = FDD883FA1F543B8C00B84C88 /* Build configuration list for PBXNativeTarget "AboutMyBikeTests" */;
			buildPhases = (
				FDD883EA1F543B8C00B84C88 /* Sources */,
				FDD883EB1F543B8C00B84C88 /* Frameworks */,
				FDD883EC1F543B8C00B84C88 /* Resources */,
			);
			buildRules = (
			);
			dependencies = (
				FDD883F01F543B8C00B84C88 /* PBXTargetDependency */,
			);
			name = AboutMyBikeTests;
			productName = AboutMyBikeTests;
			productReference = FDD883EE1F543B8C00B84C88 /* AboutMyBikeTests.xctest */;
			productType = "com.apple.product-type.bundle.unit-test";
		};
/* End PBXNativeTarget section */

/* Begin PBXProject section */
		FDD883D21F543B8C00B84C88 /* Project object */ = {
			isa = PBXProject;
			attributes = {
				LastSwiftUpdateCheck = 0830;
				LastUpgradeCheck = 0830;
				ORGANIZATIONNAME = "James Donohue";
				TargetAttributes = {
					FDD883D91F543B8C00B84C88 = {
						CreatedOnToolsVersion = 8.3.3;
						DevelopmentTeam = S7NXV49A78;
						ProvisioningStyle = Automatic;
					};
					FDD883ED1F543B8C00B84C88 = {
						CreatedOnToolsVersion = 8.3.3;
						ProvisioningStyle = Automatic;
						TestTargetID = FDD883D91F543B8C00B84C88;
					};
				};
			};
			buildConfigurationList = FDD883D51F543B8C00B84C88 /* Build configuration list for PBXProject "AboutMyBike" */;
			compatibilityVersion = "Xcode 3.2";
			developmentRegion = English;
			hasScannedForEncodings = 0;
			knownRegions = (
				en,
				Base,
			);
			mainGroup = FDD883D11F543B8C00B84C88;
			productRefGroup = FDD883DB1F543B8C00B84C88 /* Products */;
			projectDirPath = "";
			projectRoot = "";
			targets = (
				FDD883D91F543B8C00B84C88 /* AboutMyBike */,
				FDD883ED1F543B8C00B84C88 /* AboutMyBikeTests */,
			);
		};
/* End PBXProject section */

/* Begin PBXResourcesBuildPhase section */
		FDD883D81F543B8C00B84C88 /* Resources */ = {
			isa = PBXResourcesBuildPhase;
			buildActionMask = 2147483647;
			files = (
				FDD883E81F543B8C00B84C88 /* LaunchScreen.storyboard in Resources */,
				FDD883E51F543B8C00B84C88 /* Assets.xcassets in Resources */,
				FDD883E31F543B8C00B84C88 /* Main.storyboard in Resources */,
			);
			runOnlyForDeploymentPostprocessing = 0;
		};
		FDD883EC1F543B8C00B84C88 /* Resources */ = {
			isa = PBXResourcesBuildPhase;
			buildActionMask = 2147483647;
			files = (
			);
			runOnlyForDeploymentPostprocessing = 0;
		};
/* End PBXResourcesBuildPhase section */

/* Begin PBXSourcesBuildPhase section */
		FDD883D61F543B8C00B84C88 /* Sources */ = {
			isa = PBXSourcesBuildPhase;
			buildActionMask = 2147483647;
			files = (
				FDD883E01F543B8C00B84C88 /* BikeViewController.swift in Sources */,
				FDD883DE1F543B8C00B84C88 /* AppDelegate.swift in Sources */,
				FDD883FE1F5484D400B84C88 /* Bike.swift in Sources */,
				FDD884001F54887000B84C88 /* HomeViewController.swift in Sources */,
			);
			runOnlyForDeploymentPostprocessing = 0;
		};
		FDD883EA1F543B8C00B84C88 /* Sources */ = {
			isa = PBXSourcesBuildPhase;
			buildActionMask = 2147483647;
			files = (
				FDD883F31F543B8C00B84C88 /* AboutMyBikeTests.swift in Sources */,
			);
			runOnlyForDeploymentPostprocessing = 0;
		};
/* End PBXSourcesBuildPhase section */

/* Begin PBXTargetDependency section */
		FDD883F01F543B8C00B84C88 /* PBXTargetDependency */ = {
			isa = PBXTargetDependency;
			target = FDD883D91F543B8C00B84C88 /* AboutMyBike */;
			targetProxy = FDD883EF1F543B8C00B84C88 /* PBXContainerItemProxy */;
		};
/* End PBXTargetDependency section */

/* Begin PBXVariantGroup section */
		FDD883E11F543B8C00B84C88 /* Main.storyboard */ = {
			isa = PBXVariantGroup;
			children = (
				FDD883E21F543B8C00B84C88 /* Base */,
			);
			name = Main.storyboard;
			sourceTree = "<group>";
		};
		FDD883E61F543B8C00B84C88 /* LaunchScreen.storyboard */ = {
			isa = PBXVariantGroup;
			children = (
				FDD883E71F543B8C00B84C88 /* Base */,
			);
			name = LaunchScreen.storyboard;
			sourceTree = "<group>";
		};
/* End PBXVariantGroup section */

/* Begin XCBuildConfiguration section */
		FDD883F51F543B8C00B84C88 /* Debug */ = {
			isa = XCBuildConfiguration;
			buildSettings = {
				ALWAYS_SEARCH_USER_PATHS = NO;
				CLANG_ANALYZER_NONNULL = YES;
				CLANG_ANALYZER_NUMBER_OBJECT_CONVERSION = YES_AGGRESSIVE;
				CLANG_CXX_LANGUAGE_STANDARD = "gnu++0x";
				CLANG_CXX_LIBRARY = "libc++";
				CLANG_ENABLE_MODULES = YES;
				CLANG_ENABLE_OBJC_ARC = YES;
				CLANG_WARN_BOOL_CONVERSION = YES;
				CLANG_WARN_CONSTANT_CONVERSION = YES;
				CLANG_WARN_DIRECT_OBJC_ISA_USAGE = YES_ERROR;
				CLANG_WARN_DOCUMENTATION_COMMENTS = YES;
				CLANG_WARN_EMPTY_BODY = YES;
				CLANG_WARN_ENUM_CONVERSION = YES;
				CLANG_WARN_INFINITE_RECURSION = YES;
				CLANG_WARN_INT_CONVERSION = YES;
				CLANG_WARN_OBJC_ROOT_CLASS = YES_ERROR;
				CLANG_WARN_SUSPICIOUS_MOVE = YES;
				CLANG_WARN_UNREACHABLE_CODE = YES;
				CLANG_WARN__DUPLICATE_METHOD_MATCH = YES;
				"CODE_SIGN_IDENTITY[sdk=iphoneos*]" = "iPhone Developer";
				COPY_PHASE_STRIP = NO;
				DEBUG_INFORMATION_FORMAT = dwarf;
				ENABLE_STRICT_OBJC_MSGSEND = YES;
				ENABLE_TESTABILITY = YES;
				GCC_C_LANGUAGE_STANDARD = gnu99;
				GCC_DYNAMIC_NO_PIC = NO;
				GCC_NO_COMMON_BLOCKS = YES;
				GCC_OPTIMIZATION_LEVEL = 0;
				GCC_PREPROCESSOR_DEFINITIONS = (
					"DEBUG=1",
					"$(inherited)",
				);
				GCC_WARN_64_TO_32_BIT_CONVERSION = YES;
				GCC_WARN_ABOUT_RETURN_TYPE = YES_ERROR;
				GCC_WARN_UNDECLARED_SELECTOR = YES;
				GCC_WARN_UNINITIALIZED_AUTOS = YES_AGGRESSIVE;
				GCC_WARN_UNUSED_FUNCTION = YES;
				GCC_WARN_UNUSED_VARIABLE = YES;
				IPHONEOS_DEPLOYMENT_TARGET = 10.3;
				MTL_ENABLE_DEBUG_INFO = YES;
				ONLY_ACTIVE_ARCH = YES;
				SDKROOT = iphoneos;
				SWIFT_ACTIVE_COMPILATION_CONDITIONS = DEBUG;
				SWIFT_OPTIMIZATION_LEVEL = "-Onone";
				TARGETED_DEVICE_FAMILY = "1,2";
			};
			name = Debug;
		};
		FDD883F61F543B8C00B84C88 /* Release */ = {
			isa = XCBuildConfiguration;
			buildSettings = {
				ALWAYS_SEARCH_USER_PATHS = NO;
				CLANG_ANALYZER_NONNULL = YES;
				CLANG_ANALYZER_NUMBER_OBJECT_CONVERSION = YES_AGGRESSIVE;
				CLANG_CXX_LANGUAGE_STANDARD = "gnu++0x";
				CLANG_CXX_LIBRARY = "libc++";
				CLANG_ENABLE_MODULES = YES;
				CLANG_ENABLE_OBJC_ARC = YES;
				CLANG_WARN_BOOL_CONVERSION = YES;
				CLANG_WARN_CONSTANT_CONVERSION = YES;
				CLANG_WARN_DIRECT_OBJC_ISA_USAGE = YES_ERROR;
				CLANG_WARN_DOCUMENTATION_COMMENTS = YES;
				CLANG_WARN_EMPTY_BODY = YES;
				CLANG_WARN_ENUM_CONVERSION = YES;
				CLANG_WARN_INFINITE_RECURSION = YES;
				CLANG_WARN_INT_CONVERSION = YES;
				CLANG_WARN_OBJC_ROOT_CLASS = YES_ERROR;
				CLANG_WARN_SUSPICIOUS_MOVE = YES;
				CLANG_WARN_UNREACHABLE_CODE = YES;
				CLANG_WARN__DUPLICATE_METHOD_MATCH = YES;
				"CODE_SIGN_IDENTITY[sdk=iphoneos*]" = "iPhone Developer";
				COPY_PHASE_STRIP = NO;
				DEBUG_INFORMATION_FORMAT = "dwarf-with-dsym";
				ENABLE_NS_ASSERTIONS = NO;
				ENABLE_STRICT_OBJC_MSGSEND = YES;
				GCC_C_LANGUAGE_STANDARD = gnu99;
				GCC_NO_COMMON_BLOCKS = YES;
				GCC_WARN_64_TO_32_BIT_CONVERSION = YES;
				GCC_WARN_ABOUT_RETURN_TYPE = YES_ERROR;
				GCC_WARN_UNDECLARED_SELECTOR = YES;
				GCC_WARN_UNINITIALIZED_AUTOS = YES_AGGRESSIVE;
				GCC_WARN_UNUSED_FUNCTION = YES;
				GCC_WARN_UNUSED_VARIABLE = YES;
				IPHONEOS_DEPLOYMENT_TARGET = 10.3;
				MTL_ENABLE_DEBUG_INFO = NO;
				SDKROOT = iphoneos;
				SWIFT_OPTIMIZATION_LEVEL = "-Owholemodule";
				TARGETED_DEVICE_FAMILY = "1,2";
				VALIDATE_PRODUCT = YES;
			};
			name = Release;
		};
		FDD883F81F543B8C00B84C88 /* Debug */ = {
			isa = XCBuildConfiguration;
			buildSettings = {
				ASSETCATALOG_COMPILER_APPICON_NAME = AppIcon;
				DEVELOPMENT_TEAM = S7NXV49A78;
				INFOPLIST_FILE = AboutMyBike/Info.plist;
				IPHONEOS_DEPLOYMENT_TARGET = 10.3;
				LD_RUNPATH_SEARCH_PATHS = "$(inherited) @executable_path/Frameworks";
				PRODUCT_BUNDLE_IDENTIFIER = io.github.jamesdonoh.AboutMyBike;
				PRODUCT_NAME = "$(TARGET_NAME)";
				SWIFT_VERSION = 3.0;
				TARGETED_DEVICE_FAMILY = 1;
			};
			name = Debug;
		};
		FDD883F91F543B8C00B84C88 /* Release */ = {
			isa = XCBuildConfiguration;
			buildSettings = {
				ASSETCATALOG_COMPILER_APPICON_NAME = AppIcon;
				DEVELOPMENT_TEAM = S7NXV49A78;
				INFOPLIST_FILE = AboutMyBike/Info.plist;
				IPHONEOS_DEPLOYMENT_TARGET = 10.3;
				LD_RUNPATH_SEARCH_PATHS = "$(inherited) @executable_path/Frameworks";
				PRODUCT_BUNDLE_IDENTIFIER = io.github.jamesdonoh.AboutMyBike;
				PRODUCT_NAME = "$(TARGET_NAME)";
				SWIFT_VERSION = 3.0;
				TARGETED_DEVICE_FAMILY = 1;
			};
			name = Release;
		};
		FDD883FB1F543B8C00B84C88 /* Debug */ = {
			isa = XCBuildConfiguration;
			buildSettings = {
				ALWAYS_EMBED_SWIFT_STANDARD_LIBRARIES = YES;
				BUNDLE_LOADER = "$(TEST_HOST)";
				INFOPLIST_FILE = AboutMyBikeTests/Info.plist;
				LD_RUNPATH_SEARCH_PATHS = "$(inherited) @executable_path/Frameworks @loader_path/Frameworks";
				PRODUCT_BUNDLE_IDENTIFIER = io.github.jamesdonoh.AboutMyBikeTests;
				PRODUCT_NAME = "$(TARGET_NAME)";
				SWIFT_VERSION = 3.0;
				TEST_HOST = "$(BUILT_PRODUCTS_DIR)/AboutMyBike.app/AboutMyBike";
			};
			name = Debug;
		};
		FDD883FC1F543B8C00B84C88 /* Release */ = {
			isa = XCBuildConfiguration;
			buildSettings = {
				ALWAYS_EMBED_SWIFT_STANDARD_LIBRARIES = YES;
				BUNDLE_LOADER = "$(TEST_HOST)";
				INFOPLIST_FILE = AboutMyBikeTests/Info.plist;
				LD_RUNPATH_SEARCH_PATHS = "$(inherited) @executable_path/Frameworks @loader_path/Frameworks";
				PRODUCT_BUNDLE_IDENTIFIER = io.github.jamesdonoh.AboutMyBikeTests;
				PRODUCT_NAME = "$(TARGET_NAME)";
				SWIFT_VERSION = 3.0;
				TEST_HOST = "$(BUILT_PRODUCTS_DIR)/AboutMyBike.app/AboutMyBike";
			};
			name = Release;
		};
/* End XCBuildConfiguration section */

/* Begin XCConfigurationList section */
		FDD883D51F543B8C00B84C88 /* Build configuration list for PBXProject "AboutMyBike" */ = {
			isa = XCConfigurationList;
			buildConfigurations = (
				FDD883F51F543B8C00B84C88 /* Debug */,
				FDD883F61F543B8C00B84C88 /* Release */,
			);
			defaultConfigurationIsVisible = 0;
			defaultConfigurationName = Release;
		};
		FDD883F71F543B8C00B84C88 /* Build configuration list for PBXNativeTarget "AboutMyBike" */ = {
			isa = XCConfigurationList;
			buildConfigurations = (
				FDD883F81F543B8C00B84C88 /* Debug */,
				FDD883F91F543B8C00B84C88 /* Release */,
			);
			defaultConfigurationIsVisible = 0;
		};
		FDD883FA1F543B8C00B84C88 /* Build configuration list for PBXNativeTarget "AboutMyBikeTests" */ = {
			isa = XCConfigurationList;
			buildConfigurations = (
				FDD883FB1F543B8C00B84C88 /* Debug */,
				FDD883FC1F543B8C00B84C88 /* Release */,
			);
			defaultConfigurationIsVisible = 0;
		};
/* End XCConfigurationList section */
	};
	rootObject = FDD883D21F543B8C00B84C88 /* Project object */;
}
